// !$*UTF8*$!
{
	archiveVersion = 1;
	classes = {
	};
	objectVersion = 50;
	objects = {

/* Begin PBXBuildFile section */
		5FA4B5B22243CDFB00D086F8 /* AppDelegate.swift in Sources */ = {isa = PBXBuildFile; fileRef = 5FA4B5B12243CDFB00D086F8 /* AppDelegate.swift */; };
		5FA4B5B42243CDFB00D086F8 /* ViewController.swift in Sources */ = {isa = PBXBuildFile; fileRef = 5FA4B5B32243CDFB00D086F8 /* ViewController.swift */; };
		5FA4B5B72243CDFB00D086F8 /* Main.storyboard in Resources */ = {isa = PBXBuildFile; fileRef = 5FA4B5B52243CDFB00D086F8 /* Main.storyboard */; };
		5FA4B5B92243CDFC00D086F8 /* Assets.xcassets in Resources */ = {isa = PBXBuildFile; fileRef = 5FA4B5B82243CDFC00D086F8 /* Assets.xcassets */; };
		5FA4B5BC2243CDFC00D086F8 /* LaunchScreen.storyboard in Resources */ = {isa = PBXBuildFile; fileRef = 5FA4B5BA2243CDFC00D086F8 /* LaunchScreen.storyboard */; };
		5FA4B5C62243D15100D086F8 /* SKNodeViewController.swift in Sources */ = {isa = PBXBuildFile; fileRef = 5FA4B5C52243D15100D086F8 /* SKNodeViewController.swift */; };
		5FA4B5C92243D2F900D086F8 /* SKSpriteNodeVC.swift in Sources */ = {isa = PBXBuildFile; fileRef = 5FA4B5C82243D2F900D086F8 /* SKSpriteNodeVC.swift */; };
		5FA4B5CB2243D5D400D086F8 /* GameScene1.swift in Sources */ = {isa = PBXBuildFile; fileRef = 5FA4B5CA2243D5D400D086F8 /* GameScene1.swift */; };
		5FA4B5CE2243D62500D086F8 /* Common.swift in Sources */ = {isa = PBXBuildFile; fileRef = 5FA4B5CD2243D62500D086F8 /* Common.swift */; };
/* End PBXBuildFile section */

/* Begin PBXFileReference section */
		5FA4B5AE2243CDFB00D086F8 /* game.app */ = {isa = PBXFileReference; explicitFileType = wrapper.application; includeInIndex = 0; path = game.app; sourceTree = BUILT_PRODUCTS_DIR; };
		5FA4B5B12243CDFB00D086F8 /* AppDelegate.swift */ = {isa = PBXFileReference; lastKnownFileType = sourcecode.swift; path = AppDelegate.swift; sourceTree = "<group>"; };
		5FA4B5B32243CDFB00D086F8 /* ViewController.swift */ = {isa = PBXFileReference; lastKnownFileType = sourcecode.swift; path = ViewController.swift; sourceTree = "<group>"; };
		5FA4B5B62243CDFB00D086F8 /* Base */ = {isa = PBXFileReference; lastKnownFileType = file.storyboard; name = Base; path = Base.lproj/Main.storyboard; sourceTree = "<group>"; };
		5FA4B5B82243CDFC00D086F8 /* Assets.xcassets */ = {isa = PBXFileReference; lastKnownFileType = folder.assetcatalog; path = Assets.xcassets; sourceTree = "<group>"; };
		5FA4B5BB2243CDFC00D086F8 /* Base */ = {isa = PBXFileReference; lastKnownFileType = file.storyboard; name = Base; path = Base.lproj/LaunchScreen.storyboard; sourceTree = "<group>"; };
		5FA4B5BD2243CDFC00D086F8 /* Info.plist */ = {isa = PBXFileReference; lastKnownFileType = text.plist.xml; path = Info.plist; sourceTree = "<group>"; };
		5FA4B5C52243D15100D086F8 /* SKNodeViewController.swift */ = {isa = PBXFileReference; lastKnownFileType = sourcecode.swift; path = SKNodeViewController.swift; sourceTree = "<group>"; };
		5FA4B5C82243D2F900D086F8 /* SKSpriteNodeVC.swift */ = {isa = PBXFileReference; lastKnownFileType = sourcecode.swift; path = SKSpriteNodeVC.swift; sourceTree = "<group>"; };
		5FA4B5CA2243D5D400D086F8 /* GameScene1.swift */ = {isa = PBXFileReference; lastKnownFileType = sourcecode.swift; path = GameScene1.swift; sourceTree = "<group>"; };
		5FA4B5CD2243D62500D086F8 /* Common.swift */ = {isa = PBXFileReference; fileEncoding = 4; lastKnownFileType = sourcecode.swift; path = Common.swift; sourceTree = "<group>"; };
/* End PBXFileReference section */

/* Begin PBXFrameworksBuildPhase section */
		5FA4B5AB2243CDFB00D086F8 /* Frameworks */ = {
			isa = PBXFrameworksBuildPhase;
			buildActionMask = 2147483647;
			files = (
			);
			runOnlyForDeploymentPostprocessing = 0;
		};
/* End PBXFrameworksBuildPhase section */

/* Begin PBXGroup section */
		5FA4B5A52243CDFB00D086F8 = {
			isa = PBXGroup;
			children = (
				5FA4B5B02243CDFB00D086F8 /* game */,
				5FA4B5AF2243CDFB00D086F8 /* Products */,
			);
			sourceTree = "<group>";
		};
		5FA4B5AF2243CDFB00D086F8 /* Products */ = {
			isa = PBXGroup;
			children = (
				5FA4B5AE2243CDFB00D086F8 /* game.app */,
			);
			name = Products;
			sourceTree = "<group>";
		};
		5FA4B5B02243CDFB00D086F8 /* game */ = {
			isa = PBXGroup;
			children = (
				5FA4B5C32243D11C00D086F8 /* ui */,
				5FA4B5CC2243D60D00D086F8 /* utils */,
				5FA4B5B12243CDFB00D086F8 /* AppDelegate.swift */,
				5FA4B5B32243CDFB00D086F8 /* ViewController.swift */,
				5FA4B5B52243CDFB00D086F8 /* Main.storyboard */,
				5FA4B5B82243CDFC00D086F8 /* Assets.xcassets */,
				5FA4B5BA2243CDFC00D086F8 /* LaunchScreen.storyboard */,
				5FA4B5BD2243CDFC00D086F8 /* Info.plist */,
			);
			path = game;
			sourceTree = "<group>";
		};
		5FA4B5C32243D11C00D086F8 /* ui */ = {
			isa = PBXGroup;
			children = (
				5FA4B5C72243D2EA00D086F8 /* SKSpriteNode */,
				5FA4B5C42243D13800D086F8 /* SKNode */,
			);
			path = ui;
			sourceTree = "<group>";
		};
		5FA4B5C42243D13800D086F8 /* SKNode */ = {
			isa = PBXGroup;
			children = (
				5FA4B5C52243D15100D086F8 /* SKNodeViewController.swift */,
				5FA4B5CA2243D5D400D086F8 /* GameScene1.swift */,
			);
			path = SKNode;
			sourceTree = "<group>";
		};
		5FA4B5C72243D2EA00D086F8 /* SKSpriteNode */ = {
			isa = PBXGroup;
			children = (
				5FA4B5C82243D2F900D086F8 /* SKSpriteNodeVC.swift */,
			);
			path = SKSpriteNode;
			sourceTree = "<group>";
		};
		5FA4B5CC2243D60D00D086F8 /* utils */ = {
			isa = PBXGroup;
			children = (
				5FA4B5CD2243D62500D086F8 /* Common.swift */,
			);
			path = utils;
			sourceTree = "<group>";
		};
/* End PBXGroup section */

/* Begin PBXNativeTarget section */
		5FA4B5AD2243CDFB00D086F8 /* game */ = {
			isa = PBXNativeTarget;
			buildConfigurationList = 5FA4B5C02243CDFC00D086F8 /* Build configuration list for PBXNativeTarget "game" */;
			buildPhases = (
				5FA4B5AA2243CDFB00D086F8 /* Sources */,
				5FA4B5AB2243CDFB00D086F8 /* Frameworks */,
				5FA4B5AC2243CDFB00D086F8 /* Resources */,
			);
			buildRules = (
			);
			dependencies = (
			);
			name = game;
			productName = game;
			productReference = 5FA4B5AE2243CDFB00D086F8 /* game.app */;
			productType = "com.apple.product-type.application";
		};
/* End PBXNativeTarget section */

/* Begin PBXProject section */
		5FA4B5A62243CDFB00D086F8 /* Project object */ = {
			isa = PBXProject;
			attributes = {
				LastSwiftUpdateCheck = 1010;
				LastUpgradeCheck = 1010;
				ORGANIZATIONNAME = Dio;
				TargetAttributes = {
					5FA4B5AD2243CDFB00D086F8 = {
						CreatedOnToolsVersion = 10.1;
					};
				};
			};
			buildConfigurationList = 5FA4B5A92243CDFB00D086F8 /* Build configuration list for PBXProject "game" */;
			compatibilityVersion = "Xcode 9.3";
			developmentRegion = en;
			hasScannedForEncodings = 0;
			knownRegions = (
				en,
				Base,
			);
			mainGroup = 5FA4B5A52243CDFB00D086F8;
			productRefGroup = 5FA4B5AF2243CDFB00D086F8 /* Products */;
			projectDirPath = "";
			projectRoot = "";
			targets = (
				5FA4B5AD2243CDFB00D086F8 /* game */,
			);
		};
/* End PBXProject section */

/* Begin PBXResourcesBuildPhase section */
		5FA4B5AC2243CDFB00D086F8 /* Resources */ = {
			isa = PBXResourcesBuildPhase;
			buildActionMask = 2147483647;
			files = (
				5FA4B5BC2243CDFC00D086F8 /* LaunchScreen.storyboard in Resources */,
				5FA4B5B92243CDFC00D086F8 /* Assets.xcassets in Resources */,
				5FA4B5B72243CDFB00D086F8 /* Main.storyboard in Resources */,
			);
			runOnlyForDeploymentPostprocessing = 0;
		};
/* End PBXResourcesBuildPhase section */

/* Begin PBXSourcesBuildPhase section */
		5FA4B5AA2243CDFB00D086F8 /* Sources */ = {
			isa = PBXSourcesBuildPhase;
			buildActionMask = 2147483647;
			files = (
				5FA4B5B42243CDFB00D086F8 /* ViewController.swift in Sources */,
				5FA4B5C62243D15100D086F8 /* SKNodeViewController.swift in Sources */,
				5FA4B5B22243CDFB00D086F8 /* AppDelegate.swift in Sources */,
				5FA4B5C92243D2F900D086F8 /* SKSpriteNodeVC.swift in Sources */,
				5FA4B5CE2243D62500D086F8 /* Common.swift in Sources */,
				5FA4B5CB2243D5D400D086F8 /* GameScene1.swift in Sources */,
			);
			runOnlyForDeploymentPostprocessing = 0;
		};
/* End PBXSourcesBuildPhase section */

/* Begin PBXVariantGroup section */
		5FA4B5B52243CDFB00D086F8 /* Main.storyboard */ = {
			isa = PBXVariantGroup;
			children = (
				5FA4B5B62243CDFB00D086F8 /* Base */,
			);
			name = Main.storyboard;
			sourceTree = "<group>";
		};
		5FA4B5BA2243CDFC00D086F8 /* LaunchScreen.storyboard */ = {
			isa = PBXVariantGroup;
			children = (
				5FA4B5BB2243CDFC00D086F8 /* Base */,
			);
			name = LaunchScreen.storyboard;
			sourceTree = "<group>";
		};
/* End PBXVariantGroup section */

/* Begin XCBuildConfiguration section */
		5FA4B5BE2243CDFC00D086F8 /* Debug */ = {
			isa = XCBuildConfiguration;
			buildSettings = {
				ALWAYS_SEARCH_USER_PATHS = NO;
				CLANG_ANALYZER_NONNULL = YES;
				CLANG_ANALYZER_NUMBER_OBJECT_CONVERSION = YES_AGGRESSIVE;
				CLANG_CXX_LANGUAGE_STANDARD = "gnu++14";
				CLANG_CXX_LIBRARY = "libc++";
				CLANG_ENABLE_MODULES = YES;
				CLANG_ENABLE_OBJC_ARC = YES;
				CLANG_ENABLE_OBJC_WEAK = YES;
				CLANG_WARN_BLOCK_CAPTURE_AUTORELEASING = YES;
				CLANG_WARN_BOOL_CONVERSION = YES;
				CLANG_WARN_COMMA = YES;
				CLANG_WARN_CONSTANT_CONVERSION = YES;
				CLANG_WARN_DEPRECATED_OBJC_IMPLEMENTATIONS = YES;
				CLANG_WARN_DIRECT_OBJC_ISA_USAGE = YES_ERROR;
				CLANG_WARN_DOCUMENTATION_COMMENTS = YES;
				CLANG_WARN_EMPTY_BODY = YES;
				CLANG_WARN_ENUM_CONVERSION = YES;
				CLANG_WARN_INFINITE_RECURSION = YES;
				CLANG_WARN_INT_CONVERSION = YES;
				CLANG_WARN_NON_LITERAL_NULL_CONVERSION = YES;
				CLANG_WARN_OBJC_IMPLICIT_RETAIN_SELF = YES;
				CLANG_WARN_OBJC_LITERAL_CONVERSION = YES;
				CLANG_WARN_OBJC_ROOT_CLASS = YES_ERROR;
				CLANG_WARN_RANGE_LOOP_ANALYSIS = YES;
				CLANG_WARN_STRICT_PROTOTYPES = YES;
				CLANG_WARN_SUSPICIOUS_MOVE = YES;
				CLANG_WARN_UNGUARDED_AVAILABILITY = YES_AGGRESSIVE;
				CLANG_WARN_UNREACHABLE_CODE = YES;
				CLANG_WARN__DUPLICATE_METHOD_MATCH = YES;
				CODE_SIGN_IDENTITY = "iPhone Developer";
				COPY_PHASE_STRIP = NO;
				DEBUG_INFORMATION_FORMAT = dwarf;
				ENABLE_STRICT_OBJC_MSGSEND = YES;
				ENABLE_TESTABILITY = YES;
				GCC_C_LANGUAGE_STANDARD = gnu11;
				GCC_DYNAMIC_NO_PIC = NO;
				GCC_NO_COMMON_BLOCKS = YES;
				GCC_OPTIMIZATION_LEVEL = 0;
				GCC_PREPROCESSOR_DEFINITIONS = (
					"DEBUG=1",
					"$(inherited)",
				);
				GCC_WARN_64_TO_32_BIT_CONVERSION = YES;
				GCC_WARN_ABOUT_RETURN_TYPE = YES_ERROR;
				GCC_WARN_UNDECLARED_SELECTOR = YES;
				GCC_WARN_UNINITIALIZED_AUTOS = YES_AGGRESSIVE;
				GCC_WARN_UNUSED_FUNCTION = YES;
				GCC_WARN_UNUSED_VARIABLE = YES;
				IPHONEOS_DEPLOYMENT_TARGET = 12.1;
				MTL_ENABLE_DEBUG_INFO = INCLUDE_SOURCE;
				MTL_FAST_MATH = YES;
				ONLY_ACTIVE_ARCH = YES;
				SDKROOT = iphoneos;
				SWIFT_ACTIVE_COMPILATION_CONDITIONS = DEBUG;
				SWIFT_OPTIMIZATION_LEVEL = "-Onone";
			};
			name = Debug;
		};
		5FA4B5BF2243CDFC00D086F8 /* Release */ = {
			isa = XCBuildConfiguration;
			buildSettings = {
				ALWAYS_SEARCH_USER_PATHS = NO;
				CLANG_ANALYZER_NONNULL = YES;
				CLANG_ANALYZER_NUMBER_OBJECT_CONVERSION = YES_AGGRESSIVE;
				CLANG_CXX_LANGUAGE_STANDARD = "gnu++14";
				CLANG_CXX_LIBRARY = "libc++";
				CLANG_ENABLE_MODULES = YES;
				CLANG_ENABLE_OBJC_ARC = YES;
				CLANG_ENABLE_OBJC_WEAK = YES;
				CLANG_WARN_BLOCK_CAPTURE_AUTORELEASING = YES;
				CLANG_WARN_BOOL_CONVERSION = YES;
				CLANG_WARN_COMMA = YES;
				CLANG_WARN_CONSTANT_CONVERSION = YES;
				CLANG_WARN_DEPRECATED_OBJC_IMPLEMENTATIONS = YES;
				CLANG_WARN_DIRECT_OBJC_ISA_USAGE = YES_ERROR;
				CLANG_WARN_DOCUMENTATION_COMMENTS = YES;
				CLANG_WARN_EMPTY_BODY = YES;
				CLANG_WARN_ENUM_CONVERSION = YES;
				CLANG_WARN_INFINITE_RECURSION = YES;
				CLANG_WARN_INT_CONVERSION = YES;
				CLANG_WARN_NON_LITERAL_NULL_CONVERSION = YES;
				CLANG_WARN_OBJC_IMPLICIT_RETAIN_SELF = YES;
				CLANG_WARN_OBJC_LITERAL_CONVERSION = YES;
				CLANG_WARN_OBJC_ROOT_CLASS = YES_ERROR;
				CLANG_WARN_RANGE_LOOP_ANALYSIS = YES;
				CLANG_WARN_STRICT_PROTOTYPES = YES;
				CLANG_WARN_SUSPICIOUS_MOVE = YES;
				CLANG_WARN_UNGUARDED_AVAILABILITY = YES_AGGRESSIVE;
				CLANG_WARN_UNREACHABLE_CODE = YES;
				CLANG_WARN__DUPLICATE_METHOD_MATCH = YES;
				CODE_SIGN_IDENTITY = "iPhone Developer";
				COPY_PHASE_STRIP = NO;
				DEBUG_INFORMATION_FORMAT = "dwarf-with-dsym";
				ENABLE_NS_ASSERTIONS = NO;
				ENABLE_STRICT_OBJC_MSGSEND = YES;
				GCC_C_LANGUAGE_STANDARD = gnu11;
				GCC_NO_COMMON_BLOCKS = YES;
				GCC_WARN_64_TO_32_BIT_CONVERSION = YES;
				GCC_WARN_ABOUT_RETURN_TYPE = YES_ERROR;
				GCC_WARN_UNDECLARED_SELECTOR = YES;
				GCC_WARN_UNINITIALIZED_AUTOS = YES_AGGRESSIVE;
				GCC_WARN_UNUSED_FUNCTION = YES;
				GCC_WARN_UNUSED_VARIABLE = YES;
				IPHONEOS_DEPLOYMENT_TARGET = 12.1;
				MTL_ENABLE_DEBUG_INFO = NO;
				MTL_FAST_MATH = YES;
				SDKROOT = iphoneos;
				SWIFT_COMPILATION_MODE = wholemodule;
				SWIFT_OPTIMIZATION_LEVEL = "-O";
				VALIDATE_PRODUCT = YES;
			};
			name = Release;
		};
		5FA4B5C12243CDFC00D086F8 /* Debug */ = {
			isa = XCBuildConfiguration;
			buildSettings = {
				ASSETCATALOG_COMPILER_APPICON_NAME = AppIcon;
				CODE_SIGN_STYLE = Automatic;
				DEVELOPMENT_TEAM = 37J2F4W4WM;
				INFOPLIST_FILE = game/Info.plist;
				LD_RUNPATH_SEARCH_PATHS = (
					"$(inherited)",
					"@executable_path/Frameworks",
				);
				PRODUCT_BUNDLE_IDENTIFIER = myself.game;
				PRODUCT_NAME = "$(TARGET_NAME)";
				SWIFT_VERSION = 4.2;
				TARGETED_DEVICE_FAMILY = "1,2";
			};
			name = Debug;
		};
		5FA4B5C22243CDFC00D086F8 /* Release */ = {
			isa = XCBuildConfiguration;
			buildSettings = {
				ASSETCATALOG_COMPILER_APPICON_NAME = AppIcon;
				CODE_SIGN_STYLE = Automatic;
				DEVELOPMENT_TEAM = 37J2F4W4WM;
				INFOPLIST_FILE = game/Info.plist;
				LD_RUNPATH_SEARCH_PATHS = (
					"$(inherited)",
					"@executable_path/Frameworks",
				);
				PRODUCT_BUNDLE_IDENTIFIER = myself.game;
				PRODUCT_NAME = "$(TARGET_NAME)";
				SWIFT_VERSION = 4.2;
				TARGETED_DEVICE_FAMILY = "1,2";
			};
			name = Release;
		};
/* End XCBuildConfiguration section */

/* Begin XCConfigurationList section */
		5FA4B5A92243CDFB00D086F8 /* Build configuration list for PBXProject "game" */ = {
			isa = XCConfigurationList;
			buildConfigurations = (
				5FA4B5BE2243CDFC00D086F8 /* Debug */,
				5FA4B5BF2243CDFC00D086F8 /* Release */,
			);
			defaultConfigurationIsVisible = 0;
			defaultConfigurationName = Release;
		};
		5FA4B5C02243CDFC00D086F8 /* Build configuration list for PBXNativeTarget "game" */ = {
			isa = XCConfigurationList;
			buildConfigurations = (
				5FA4B5C12243CDFC00D086F8 /* Debug */,
				5FA4B5C22243CDFC00D086F8 /* Release */,
			);
			defaultConfigurationIsVisible = 0;
			defaultConfigurationName = Release;
		};
/* End XCConfigurationList section */
	};
	rootObject = 5FA4B5A62243CDFB00D086F8 /* Project object */;
}
